
Microsoft Visual Studio Solution File, Format Version 12.00
# Visual Studio 2013
VisualStudioVersion = 12.0.30501.0
MinimumVisualStudioVersion = 10.0.40219.1
Project("{FAE04EC0-301F-11D3-BF4B-00C04F79EFBC}") = "MVCSampleApp", "MVCSampleApp\MVCSampleApp.csproj", "{9F046A46-A807-49FE-8932-81CD24710687}"
EndProject
Project("{FAE04EC0-301F-11D3-BF4B-00C04F79EFBC}") = "XmlUserStore", "XmlUserStore\XmlUserStore.csproj", "{8804A71B-DBB0-4830-B04F-7B48191B678C}"
EndProject
Global
	GlobalSection(SolutionConfigurationPlatforms) = preSolution
		Debug|Any CPU = Debug|Any CPU
		Release|Any CPU = Release|Any CPU
	EndGlobalSection
	GlobalSection(ProjectConfigurationPlatforms) = postSolution
		{9F046A46-A807-49FE-8932-81CD24710687}.Debug|Any CPU.ActiveCfg = Debug|Any CPU
		{9F046A46-A807-49FE-8932-81CD24710687}.Debug|Any CPU.Build.0 = Debug|Any CPU
		{9F046A46-A807-49FE-8932-81CD24710687}.Release|Any CPU.ActiveCfg = Release|Any CPU
		{9F046A46-A807-49FE-8932-81CD24710687}.Release|Any CPU.Build.0 = Release|Any CPU
		{8804A71B-DBB0-4830-B04F-7B48191B678C}.Debug|Any CPU.ActiveCfg = Debug|Any CPU
		{8804A71B-DBB0-4830-B04F-7B48191B678C}.Debug|Any CPU.Build.0 = Debug|Any CPU
		{8804A71B-DBB0-4830-B04F-7B48191B678C}.Release|Any CPU.ActiveCfg = Release|Any CPU
		{8804A71B-DBB0-4830-B04F-7B48191B678C}.Release|Any CPU.Build.0 = Release|Any CPU
	EndGlobalSection
	GlobalSection(SolutionProperties) = preSolution
		HideSolutionNode = FALSE
	EndGlobalSection
EndGlobal
